
Microsoft Visual Studio Solution File, Format Version 12.00
# Visual Studio Version 16
VisualStudioVersion = 16.0.30517.126
MinimumVisualStudioVersion = 10.0.40219.1
Project("{F184B08F-C81C-45F6-A57F-5ABD9991F28F}") = "Bunny Hoppin", "Bunny Hoppin\Bunny Hoppin.vbproj", "{73D2535F-DA31-4879-8399-683931FEAC46}"
EndProject
Global
	GlobalSection(SolutionConfigurationPlatforms) = preSolution
		Debug|Any CPU = Debug|Any CPU
		Release|Any CPU = Release|Any CPU
	EndGlobalSection
	GlobalSection(ProjectConfigurationPlatforms) = postSolution
		{73D2535F-DA31-4879-8399-683931FEAC46}.Debug|Any CPU.ActiveCfg = Debug|Any CPU
		{73D2535F-DA31-4879-8399-683931FEAC46}.Debug|Any CPU.Build.0 = Debug|Any CPU
		{73D2535F-DA31-4879-8399-683931FEAC46}.Release|Any CPU.ActiveCfg = Release|Any CPU
		{73D2535F-DA31-4879-8399-683931FEAC46}.Release|Any CPU.Build.0 = Release|Any CPU
	EndGlobalSection
	GlobalSection(SolutionProperties) = preSolution
		HideSolutionNode = FALSE
	EndGlobalSection
	GlobalSection(ExtensibilityGlobals) = postSolution
		SolutionGuid = {06B4254D-FE23-42B3-B635-0FB4D746C505}
	EndGlobalSection
EndGlobal
